
Microsoft Visual Studio Solution File, Format Version 12.00
# Visual Studio 2012
Project("{FAE04EC0-301F-11D3-BF4B-00C04F79EFBC}") = "AccessLog", "AccessLog.csproj", "{52C0E1F6-55BE-4356-A226-0061E4946219}"
EndProject
Global
	GlobalSection(SolutionConfigurationPlatforms) = preSolution
		Debug|Any CPU = Debug|Any CPU
		Release|Any CPU = Release|Any CPU
	EndGlobalSection
	GlobalSection(ProjectConfigurationPlatforms) = postSolution
		{52C0E1F6-55BE-4356-A226-0061E4946219}.Debug|Any CPU.ActiveCfg = Debug|Any CPU
		{52C0E1F6-55BE-4356-A226-0061E4946219}.Debug|Any CPU.Build.0 = Debug|Any CPU
		{52C0E1F6-55BE-4356-A226-0061E4946219}.Release|Any CPU.ActiveCfg = Release|Any CPU
		{52C0E1F6-55BE-4356-A226-0061E4946219}.Release|Any CPU.Build.0 = Release|Any CPU
	EndGlobalSection
	GlobalSection(SolutionProperties) = preSolution
		HideSolutionNode = FALSE
	EndGlobalSection
EndGlobal
